
Microsoft Visual Studio Solution File, Format Version 12.00
# Visual Studio Version 17
VisualStudioVersion = 17.5.002.0
MinimumVisualStudioVersion = 10.0.40219.1
Project("{9A19103F-16F7-4668-BE54-9A1E7A4F7556}") = "02.Nums1To10", "02.Nums1To10.csproj", "{53E2621C-A53F-4397-8659-FC22569251F5}"
EndProject
Global
	GlobalSection(SolutionConfigurationPlatforms) = preSolution
		Debug|Any CPU = Debug|Any CPU
		Release|Any CPU = Release|Any CPU
	EndGlobalSection
	GlobalSection(ProjectConfigurationPlatforms) = postSolution
		{53E2621C-A53F-4397-8659-FC22569251F5}.Debug|Any CPU.ActiveCfg = Debug|Any CPU
		{53E2621C-A53F-4397-8659-FC22569251F5}.Debug|Any CPU.Build.0 = Debug|Any CPU
		{53E2621C-A53F-4397-8659-FC22569251F5}.Release|Any CPU.ActiveCfg = Release|Any CPU
		{53E2621C-A53F-4397-8659-FC22569251F5}.Release|Any CPU.Build.0 = Release|Any CPU
	EndGlobalSection
	GlobalSection(SolutionProperties) = preSolution
		HideSolutionNode = FALSE
	EndGlobalSection
	GlobalSection(ExtensibilityGlobals) = postSolution
		SolutionGuid = {F825BE75-F335-4047-910B-706CBD5365B5}
	EndGlobalSection
EndGlobal
